// !$*UTF8*$!
{
	archiveVersion = 1;
	classes = {
	};
	objectVersion = 46;
	objects = {

/* Begin PBXBuildFile section */
		570B75C91CB9AC6800302246 /* zipcode_price_manager.swift in Sources */ = {isa = PBXBuildFile; fileRef = 570B75C81CB9AC6800302246 /* zipcode_price_manager.swift */; };
		57C322A91CB7969300C3FFD3 /* main.swift in Sources */ = {isa = PBXBuildFile; fileRef = 57C322A81CB7969300C3FFD3 /* main.swift */; };
		57C322B01CB7972500C3FFD3 /* mechanic.swift in Sources */ = {isa = PBXBuildFile; fileRef = 57C322AF1CB7972500C3FFD3 /* mechanic.swift */; };
		57C322B21CB7975800C3FFD3 /* status.swift in Sources */ = {isa = PBXBuildFile; fileRef = 57C322B11CB7975800C3FFD3 /* status.swift */; };
		57C322B61CB799B000C3FFD3 /* observer.swift in Sources */ = {isa = PBXBuildFile; fileRef = 57C322B51CB799B000C3FFD3 /* observer.swift */; };
		57C322B81CB79A9500C3FFD3 /* mechanic_observer.swift in Sources */ = {isa = PBXBuildFile; fileRef = 57C322B71CB79A9500C3FFD3 /* mechanic_observer.swift */; };
		57C322BA1CB999CC00C3FFD3 /* zipcode.swift in Sources */ = {isa = PBXBuildFile; fileRef = 57C322B91CB999CC00C3FFD3 /* zipcode.swift */; };
		57C322BC1CB9A87300C3FFD3 /* subscriber.swift in Sources */ = {isa = PBXBuildFile; fileRef = 57C322BB1CB9A87300C3FFD3 /* subscriber.swift */; };
/* End PBXBuildFile section */

/* Begin PBXCopyFilesBuildPhase section */
		57C322A31CB7969300C3FFD3 /* CopyFiles */ = {
			isa = PBXCopyFilesBuildPhase;
			buildActionMask = 2147483647;
			dstPath = /usr/share/man/man1/;
			dstSubfolderSpec = 0;
			files = (
			);
			runOnlyForDeploymentPostprocessing = 1;
		};
/* End PBXCopyFilesBuildPhase section */

/* Begin PBXFileReference section */
		570B75C81CB9AC6800302246 /* zipcode_price_manager.swift */ = {isa = PBXFileReference; fileEncoding = 4; lastKnownFileType = sourcecode.swift; path = zipcode_price_manager.swift; sourceTree = "<group>"; };
		57C322A51CB7969300C3FFD3 /* Mechanic - Observer */ = {isa = PBXFileReference; explicitFileType = "compiled.mach-o.executable"; includeInIndex = 0; path = "Mechanic - Observer"; sourceTree = BUILT_PRODUCTS_DIR; };
		57C322A81CB7969300C3FFD3 /* main.swift */ = {isa = PBXFileReference; lastKnownFileType = sourcecode.swift; path = main.swift; sourceTree = "<group>"; };
		57C322AF1CB7972500C3FFD3 /* mechanic.swift */ = {isa = PBXFileReference; fileEncoding = 4; lastKnownFileType = sourcecode.swift; path = mechanic.swift; sourceTree = "<group>"; };
		57C322B11CB7975800C3FFD3 /* status.swift */ = {isa = PBXFileReference; fileEncoding = 4; lastKnownFileType = sourcecode.swift; path = status.swift; sourceTree = "<group>"; };
		57C322B51CB799B000C3FFD3 /* observer.swift */ = {isa = PBXFileReference; fileEncoding = 4; lastKnownFileType = sourcecode.swift; path = observer.swift; sourceTree = "<group>"; };
		57C322B71CB79A9500C3FFD3 /* mechanic_observer.swift */ = {isa = PBXFileReference; fileEncoding = 4; lastKnownFileType = sourcecode.swift; path = mechanic_observer.swift; sourceTree = "<group>"; };
		57C322B91CB999CC00C3FFD3 /* zipcode.swift */ = {isa = PBXFileReference; fileEncoding = 4; lastKnownFileType = sourcecode.swift; path = zipcode.swift; sourceTree = "<group>"; };
		57C322BB1CB9A87300C3FFD3 /* subscriber.swift */ = {isa = PBXFileReference; fileEncoding = 4; lastKnownFileType = sourcecode.swift; path = subscriber.swift; sourceTree = "<group>"; };
/* End PBXFileReference section */

/* Begin PBXFrameworksBuildPhase section */
		57C322A21CB7969300C3FFD3 /* Frameworks */ = {
			isa = PBXFrameworksBuildPhase;
			buildActionMask = 2147483647;
			files = (
			);
			runOnlyForDeploymentPostprocessing = 0;
		};
/* End PBXFrameworksBuildPhase section */

/* Begin PBXGroup section */
		57C3229C1CB7969300C3FFD3 = {
			isa = PBXGroup;
			children = (
				57C322A71CB7969300C3FFD3 /* Mechanic - Observer */,
				57C322A61CB7969300C3FFD3 /* Products */,
			);
			sourceTree = "<group>";
		};
		57C322A61CB7969300C3FFD3 /* Products */ = {
			isa = PBXGroup;
			children = (
				57C322A51CB7969300C3FFD3 /* Mechanic - Observer */,
			);
			name = Products;
			sourceTree = "<group>";
		};
		57C322A71CB7969300C3FFD3 /* Mechanic - Observer */ = {
			isa = PBXGroup;
			children = (
				57C322A81CB7969300C3FFD3 /* main.swift */,
				57C322AF1CB7972500C3FFD3 /* mechanic.swift */,
				57C322B11CB7975800C3FFD3 /* status.swift */,
				57C322B51CB799B000C3FFD3 /* observer.swift */,
				57C322B71CB79A9500C3FFD3 /* mechanic_observer.swift */,
				57C322B91CB999CC00C3FFD3 /* zipcode.swift */,
				57C322BB1CB9A87300C3FFD3 /* subscriber.swift */,
				570B75C81CB9AC6800302246 /* zipcode_price_manager.swift */,
			);
			path = "Mechanic - Observer";
			sourceTree = "<group>";
		};
/* End PBXGroup section */

/* Begin PBXNativeTarget section */
		57C322A41CB7969300C3FFD3 /* Mechanic - Observer */ = {
			isa = PBXNativeTarget;
			buildConfigurationList = 57C322AC1CB7969300C3FFD3 /* Build configuration list for PBXNativeTarget "Mechanic - Observer" */;
			buildPhases = (
				57C322A11CB7969300C3FFD3 /* Sources */,
				57C322A21CB7969300C3FFD3 /* Frameworks */,
				57C322A31CB7969300C3FFD3 /* CopyFiles */,
				57A101CA1CC2E65900F7A9A9 /* ShellScript */,
			);
			buildRules = (
			);
			dependencies = (
			);
			name = "Mechanic - Observer";
			productName = "Mechanic - Observer";
			productReference = 57C322A51CB7969300C3FFD3 /* Mechanic - Observer */;
			productType = "com.apple.product-type.tool";
		};
/* End PBXNativeTarget section */

/* Begin PBXProject section */
		57C3229D1CB7969300C3FFD3 /* Project object */ = {
			isa = PBXProject;
			attributes = {
				LastSwiftUpdateCheck = 0720;
				LastUpgradeCheck = 0720;
				ORGANIZATIONNAME = "Reza Shirazian";
				TargetAttributes = {
					57C322A41CB7969300C3FFD3 = {
						CreatedOnToolsVersion = 7.2.1;
					};
				};
			};
			buildConfigurationList = 57C322A01CB7969300C3FFD3 /* Build configuration list for PBXProject "Mechanic - Observer" */;
			compatibilityVersion = "Xcode 3.2";
			developmentRegion = English;
			hasScannedForEncodings = 0;
			knownRegions = (
				en,
			);
			mainGroup = 57C3229C1CB7969300C3FFD3;
			productRefGroup = 57C322A61CB7969300C3FFD3 /* Products */;
			projectDirPath = "";
			projectRoot = "";
			targets = (
				57C322A41CB7969300C3FFD3 /* Mechanic - Observer */,
			);
		};
/* End PBXProject section */

/* Begin PBXShellScriptBuildPhase section */
		57A101CA1CC2E65900F7A9A9 /* ShellScript */ = {
			isa = PBXShellScriptBuildPhase;
			buildActionMask = 2147483647;
			files = (
			);
			inputPaths = (
			);
			outputPaths = (
			);
			runOnlyForDeploymentPostprocessing = 0;
			shellPath = /bin/sh;
			shellScript = "if which swiftlint >/dev/null; then\nswiftlint\nelse\necho \"warning: SwiftLint not installed, download from https://github.com/realm/SwiftLint\"\nfi";
		};
/* End PBXShellScriptBuildPhase section */

/* Begin PBXSourcesBuildPhase section */
		57C322A11CB7969300C3FFD3 /* Sources */ = {
			isa = PBXSourcesBuildPhase;
			buildActionMask = 2147483647;
			files = (
				570B75C91CB9AC6800302246 /* zipcode_price_manager.swift in Sources */,
				57C322BA1CB999CC00C3FFD3 /* zipcode.swift in Sources */,
				57C322B61CB799B000C3FFD3 /* observer.swift in Sources */,
				57C322A91CB7969300C3FFD3 /* main.swift in Sources */,
				57C322B01CB7972500C3FFD3 /* mechanic.swift in Sources */,
				57C322B21CB7975800C3FFD3 /* status.swift in Sources */,
				57C322BC1CB9A87300C3FFD3 /* subscriber.swift in Sources */,
				57C322B81CB79A9500C3FFD3 /* mechanic_observer.swift in Sources */,
			);
			runOnlyForDeploymentPostprocessing = 0;
		};
/* End PBXSourcesBuildPhase section */

/* Begin XCBuildConfiguration section */
		57C322AA1CB7969300C3FFD3 /* Debug */ = {
			isa = XCBuildConfiguration;
			buildSettings = {
				ALWAYS_SEARCH_USER_PATHS = NO;
				CLANG_CXX_LANGUAGE_STANDARD = "gnu++0x";
				CLANG_CXX_LIBRARY = "libc++";
				CLANG_ENABLE_MODULES = YES;
				CLANG_ENABLE_OBJC_ARC = YES;
				CLANG_WARN_BOOL_CONVERSION = YES;
				CLANG_WARN_CONSTANT_CONVERSION = YES;
				CLANG_WARN_DIRECT_OBJC_ISA_USAGE = YES_ERROR;
				CLANG_WARN_EMPTY_BODY = YES;
				CLANG_WARN_ENUM_CONVERSION = YES;
				CLANG_WARN_INT_CONVERSION = YES;
				CLANG_WARN_OBJC_ROOT_CLASS = YES_ERROR;
				CLANG_WARN_UNREACHABLE_CODE = YES;
				CLANG_WARN__DUPLICATE_METHOD_MATCH = YES;
				CODE_SIGN_IDENTITY = "-";
				COPY_PHASE_STRIP = NO;
				DEBUG_INFORMATION_FORMAT = dwarf;
				ENABLE_STRICT_OBJC_MSGSEND = YES;
				ENABLE_TESTABILITY = YES;
				GCC_C_LANGUAGE_STANDARD = gnu99;
				GCC_DYNAMIC_NO_PIC = NO;
				GCC_NO_COMMON_BLOCKS = YES;
				GCC_OPTIMIZATION_LEVEL = 0;
				GCC_PREPROCESSOR_DEFINITIONS = (
					"DEBUG=1",
					"$(inherited)",
				);
				GCC_WARN_64_TO_32_BIT_CONVERSION = YES;
				GCC_WARN_ABOUT_RETURN_TYPE = YES_ERROR;
				GCC_WARN_UNDECLARED_SELECTOR = YES;
				GCC_WARN_UNINITIALIZED_AUTOS = YES_AGGRESSIVE;
				GCC_WARN_UNUSED_FUNCTION = YES;
				GCC_WARN_UNUSED_VARIABLE = YES;
				MACOSX_DEPLOYMENT_TARGET = 10.10;
				MTL_ENABLE_DEBUG_INFO = YES;
				ONLY_ACTIVE_ARCH = YES;
				SDKROOT = macosx;
				SWIFT_OPTIMIZATION_LEVEL = "-Onone";
			};
			name = Debug;
		};
		57C322AB1CB7969300C3FFD3 /* Release */ = {
			isa = XCBuildConfiguration;
			buildSettings = {
				ALWAYS_SEARCH_USER_PATHS = NO;
				CLANG_CXX_LANGUAGE_STANDARD = "gnu++0x";
				CLANG_CXX_LIBRARY = "libc++";
				CLANG_ENABLE_MODULES = YES;
				CLANG_ENABLE_OBJC_ARC = YES;
				CLANG_WARN_BOOL_CONVERSION = YES;
				CLANG_WARN_CONSTANT_CONVERSION = YES;
				CLANG_WARN_DIRECT_OBJC_ISA_USAGE = YES_ERROR;
				CLANG_WARN_EMPTY_BODY = YES;
				CLANG_WARN_ENUM_CONVERSION = YES;
				CLANG_WARN_INT_CONVERSION = YES;
				CLANG_WARN_OBJC_ROOT_CLASS = YES_ERROR;
				CLANG_WARN_UNREACHABLE_CODE = YES;
				CLANG_WARN__DUPLICATE_METHOD_MATCH = YES;
				CODE_SIGN_IDENTITY = "-";
				COPY_PHASE_STRIP = NO;
				DEBUG_INFORMATION_FORMAT = "dwarf-with-dsym";
				ENABLE_NS_ASSERTIONS = NO;
				ENABLE_STRICT_OBJC_MSGSEND = YES;
				GCC_C_LANGUAGE_STANDARD = gnu99;
				GCC_NO_COMMON_BLOCKS = YES;
				GCC_WARN_64_TO_32_BIT_CONVERSION = YES;
				GCC_WARN_ABOUT_RETURN_TYPE = YES_ERROR;
				GCC_WARN_UNDECLARED_SELECTOR = YES;
				GCC_WARN_UNINITIALIZED_AUTOS = YES_AGGRESSIVE;
				GCC_WARN_UNUSED_FUNCTION = YES;
				GCC_WARN_UNUSED_VARIABLE = YES;
				MACOSX_DEPLOYMENT_TARGET = 10.10;
				MTL_ENABLE_DEBUG_INFO = NO;
				SDKROOT = macosx;
			};
			name = Release;
		};
		57C322AD1CB7969300C3FFD3 /* Debug */ = {
			isa = XCBuildConfiguration;
			buildSettings = {
				PRODUCT_NAME = "$(TARGET_NAME)";
			};
			name = Debug;
		};
		57C322AE1CB7969300C3FFD3 /* Release */ = {
			isa = XCBuildConfiguration;
			buildSettings = {
				PRODUCT_NAME = "$(TARGET_NAME)";
			};
			name = Release;
		};
/* End XCBuildConfiguration section */

/* Begin XCConfigurationList section */
		57C322A01CB7969300C3FFD3 /* Build configuration list for PBXProject "Mechanic - Observer" */ = {
			isa = XCConfigurationList;
			buildConfigurations = (
				57C322AA1CB7969300C3FFD3 /* Debug */,
				57C322AB1CB7969300C3FFD3 /* Release */,
			);
			defaultConfigurationIsVisible = 0;
			defaultConfigurationName = Release;
		};
		57C322AC1CB7969300C3FFD3 /* Build configuration list for PBXNativeTarget "Mechanic - Observer" */ = {
			isa = XCConfigurationList;
			buildConfigurations = (
				57C322AD1CB7969300C3FFD3 /* Debug */,
				57C322AE1CB7969300C3FFD3 /* Release */,
			);
			defaultConfigurationIsVisible = 0;
			defaultConfigurationName = Release;
		};
/* End XCConfigurationList section */
	};
	rootObject = 57C3229D1CB7969300C3FFD3 /* Project object */;
}
